
Microsoft Visual Studio Solution File, Format Version 12.00
# Visual Studio 2012
Project("{8BC9CEB8-8B4A-11D0-8D11-00A0C91BC942}") = "Circular_linked_list", "Circular_linked_list\Circular_linked_list.vcxproj", "{AB3010CB-3E48-441C-89B4-884A99EF0368}"
EndProject
Global
	GlobalSection(SolutionConfigurationPlatforms) = preSolution
		Debug|Win32 = Debug|Win32
		Release|Win32 = Release|Win32
	EndGlobalSection
	GlobalSection(ProjectConfigurationPlatforms) = postSolution
		{AB3010CB-3E48-441C-89B4-884A99EF0368}.Debug|Win32.ActiveCfg = Debug|Win32
		{AB3010CB-3E48-441C-89B4-884A99EF0368}.Debug|Win32.Build.0 = Debug|Win32
		{AB3010CB-3E48-441C-89B4-884A99EF0368}.Release|Win32.ActiveCfg = Release|Win32
		{AB3010CB-3E48-441C-89B4-884A99EF0368}.Release|Win32.Build.0 = Release|Win32
	EndGlobalSection
	GlobalSection(SolutionProperties) = preSolution
		HideSolutionNode = FALSE
	EndGlobalSection
EndGlobal
