
Microsoft Visual Studio Solution File, Format Version 12.00
# Visual Studio 2012
Project("{8BC9CEB8-8B4A-11D0-8D11-00A0C91BC942}") = "Liner_List", "Liner_List\Liner_List.vcxproj", "{2BFF7AA8-A124-4225-B0E5-2B02BDE4D0D7}"
EndProject
Global
	GlobalSection(SolutionConfigurationPlatforms) = preSolution
		Debug|Win32 = Debug|Win32
		Release|Win32 = Release|Win32
	EndGlobalSection
	GlobalSection(ProjectConfigurationPlatforms) = postSolution
		{2BFF7AA8-A124-4225-B0E5-2B02BDE4D0D7}.Debug|Win32.ActiveCfg = Debug|Win32
		{2BFF7AA8-A124-4225-B0E5-2B02BDE4D0D7}.Debug|Win32.Build.0 = Debug|Win32
		{2BFF7AA8-A124-4225-B0E5-2B02BDE4D0D7}.Release|Win32.ActiveCfg = Release|Win32
		{2BFF7AA8-A124-4225-B0E5-2B02BDE4D0D7}.Release|Win32.Build.0 = Release|Win32
	EndGlobalSection
	GlobalSection(SolutionProperties) = preSolution
		HideSolutionNode = FALSE
	EndGlobalSection
EndGlobal
