
Microsoft Visual Studio Solution File, Format Version 12.00
# Visual Studio 2012
Project("{8BC9CEB8-8B4A-11D0-8D11-00A0C91BC942}") = "Magician", "Magician\Magician.vcxproj", "{C65457A1-1C19-4C58-97F8-EF487B83F893}"
EndProject
Global
	GlobalSection(SolutionConfigurationPlatforms) = preSolution
		Debug|Win32 = Debug|Win32
		Release|Win32 = Release|Win32
	EndGlobalSection
	GlobalSection(ProjectConfigurationPlatforms) = postSolution
		{C65457A1-1C19-4C58-97F8-EF487B83F893}.Debug|Win32.ActiveCfg = Debug|Win32
		{C65457A1-1C19-4C58-97F8-EF487B83F893}.Debug|Win32.Build.0 = Debug|Win32
		{C65457A1-1C19-4C58-97F8-EF487B83F893}.Release|Win32.ActiveCfg = Release|Win32
		{C65457A1-1C19-4C58-97F8-EF487B83F893}.Release|Win32.Build.0 = Release|Win32
	EndGlobalSection
	GlobalSection(SolutionProperties) = preSolution
		HideSolutionNode = FALSE
	EndGlobalSection
EndGlobal
